{
  "name": "liars-dice",
  "version": "0.0.1",
  "lockfileVersion": 3,
  "requires": true,
  "packages": {
    "": {
      "name": "liars-dice",
      "version": "0.0.1",
      "license": "ISC",
      "workspaces": [
        "packages/client",
        "packages/server",
        "packages/common"
      ]
    },
    "node_modules/liars-dice-client": {
      "resolved": "packages/client",
      "link": true
    },
    "node_modules/liars-dice-common": {
      "resolved": "packages/common",
      "link": true
    },
    "node_modules/liars-dice-server": {
      "resolved": "packages/server",
      "link": true
    },
    "packages/client": {
      "name": "liars-dice-client",
      "version": "0.0.1",
      "license": "ISC"
    },
    "packages/common": {
      "name": "liars-dice-common",
      "version": "0.0.1",
      "license": "ISC"
    },
    "packages/server": {
      "name": "liars-dice-server",
      "version": "0.0.1",
      "license": "ISC"
    }
  }
}
